
Microsoft Visual Studio Solution File, Format Version 12.00
# Visual Studio Version 17
VisualStudioVersion = 17.11.35208.52
MinimumVisualStudioVersion = 10.0.40219.1
Project("{FAE04EC0-301F-11D3-BF4B-00C04F79EFBC}") = "MusicLibraryBackend", "MusicLibraryBackend.csproj", "{EA790AAF-A31A-4DC4-9314-BB90DEC2EAFC}"
EndProject
Global
	GlobalSection(SolutionConfigurationPlatforms) = preSolution
		Debug|Any CPU = Debug|Any CPU
		Release|Any CPU = Release|Any CPU
	EndGlobalSection
	GlobalSection(ProjectConfigurationPlatforms) = postSolution
		{EA790AAF-A31A-4DC4-9314-BB90DEC2EAFC}.Debug|Any CPU.ActiveCfg = Debug|Any CPU
		{EA790AAF-A31A-4DC4-9314-BB90DEC2EAFC}.Debug|Any CPU.Build.0 = Debug|Any CPU
		{EA790AAF-A31A-4DC4-9314-BB90DEC2EAFC}.Release|Any CPU.ActiveCfg = Release|Any CPU
		{EA790AAF-A31A-4DC4-9314-BB90DEC2EAFC}.Release|Any CPU.Build.0 = Release|Any CPU
	EndGlobalSection
	GlobalSection(SolutionProperties) = preSolution
		HideSolutionNode = FALSE
	EndGlobalSection
	GlobalSection(ExtensibilityGlobals) = postSolution
		SolutionGuid = {56624A8B-6716-4C09-8BB1-90E8A9D24A3F}
	EndGlobalSection
EndGlobal
